{
  "name": "GAMES",
  "lockfileVersion": 3,
  "requires": true,
  "packages": {
    "": {
      "dependencies": {
        "grill-game-design": "^1.1.4"
      }
    },
    "node_modules/grill-game-design": {
      "version": "1.1.4",
      "resolved": "https://registry.npmjs.org/grill-game-design/-/grill-game-design-1.1.4.tgz",
      "integrity": "sha512-5Up9mv4m8gh+5q6Pxo56VVEzLN6r/VAjFh/mvRNXjfAPSJHrnMox5TJSaQooKaeEZoEKaTJbigvEozE02P9z/Q==",
      "license": "MIT",
      "bin": {
        "grill-game-design": "bin/cli.js"
      },
      "engines": {
        "node": ">=18"
      }
    }
  }
}
